
Microsoft Visual Studio Solution File, Format Version 12.00
# Visual Studio 15
VisualStudioVersion = 15.0.27703.2042
MinimumVisualStudioVersion = 10.0.40219.1
Project("{FAE04EC0-301F-11D3-BF4B-00C04F79EFBC}") = "MVCApp", "MVCApp\MVCApp.csproj", "{3491EA71-0C85-4F31-A4E2-D8D446DE293D}"
EndProject
Project("{FAE04EC0-301F-11D3-BF4B-00C04F79EFBC}") = "MVCApp.UnitTests", "MVCApp.UnitTests\MVCApp.UnitTests.csproj", "{DB410DE6-3BDA-4425-BE89-AB2299C2080F}"
EndProject
Global
	GlobalSection(SolutionConfigurationPlatforms) = preSolution
		Debug|Any CPU = Debug|Any CPU
		Release|Any CPU = Release|Any CPU
	EndGlobalSection
	GlobalSection(ProjectConfigurationPlatforms) = postSolution
		{3491EA71-0C85-4F31-A4E2-D8D446DE293D}.Debug|Any CPU.ActiveCfg = Debug|Any CPU
		{3491EA71-0C85-4F31-A4E2-D8D446DE293D}.Debug|Any CPU.Build.0 = Debug|Any CPU
		{3491EA71-0C85-4F31-A4E2-D8D446DE293D}.Release|Any CPU.ActiveCfg = Release|Any CPU
		{3491EA71-0C85-4F31-A4E2-D8D446DE293D}.Release|Any CPU.Build.0 = Release|Any CPU
		{DB410DE6-3BDA-4425-BE89-AB2299C2080F}.Debug|Any CPU.ActiveCfg = Debug|Any CPU
		{DB410DE6-3BDA-4425-BE89-AB2299C2080F}.Debug|Any CPU.Build.0 = Debug|Any CPU
		{DB410DE6-3BDA-4425-BE89-AB2299C2080F}.Release|Any CPU.ActiveCfg = Release|Any CPU
		{DB410DE6-3BDA-4425-BE89-AB2299C2080F}.Release|Any CPU.Build.0 = Release|Any CPU
	EndGlobalSection
	GlobalSection(SolutionProperties) = preSolution
		HideSolutionNode = FALSE
	EndGlobalSection
	GlobalSection(ExtensibilityGlobals) = postSolution
		SolutionGuid = {9CC00824-C1B4-47F9-969F-6AD7AF623E2F}
	EndGlobalSection
EndGlobal
