
Microsoft Visual Studio Solution File, Format Version 12.00
# Visual Studio 15
VisualStudioVersion = 15.0.27703.2042
MinimumVisualStudioVersion = 10.0.40219.1
Project("{FAE04EC0-301F-11D3-BF4B-00C04F79EFBC}") = "Calculator.Library", "Calculator.Library\Calculator.Library.csproj", "{899F2B4A-789A-47BE-8A71-3B759D3D208F}"
EndProject
Project("{FAE04EC0-301F-11D3-BF4B-00C04F79EFBC}") = "Calculator.Web", "Calculator.Web\Calculator.Web.csproj", "{93B4F8CC-9DDF-43D5-9F1B-A78E580A670E}"
EndProject
Project("{FAE04EC0-301F-11D3-BF4B-00C04F79EFBC}") = "Calculator.UnitTest", "Calculator.UnitTest\Calculator.UnitTest.csproj", "{A649F555-2522-4313-AE44-6D35FB73E070}"
EndProject
Global
	GlobalSection(SolutionConfigurationPlatforms) = preSolution
		Debug|Any CPU = Debug|Any CPU
		Release|Any CPU = Release|Any CPU
	EndGlobalSection
	GlobalSection(ProjectConfigurationPlatforms) = postSolution
		{899F2B4A-789A-47BE-8A71-3B759D3D208F}.Debug|Any CPU.ActiveCfg = Debug|Any CPU
		{899F2B4A-789A-47BE-8A71-3B759D3D208F}.Debug|Any CPU.Build.0 = Debug|Any CPU
		{899F2B4A-789A-47BE-8A71-3B759D3D208F}.Release|Any CPU.ActiveCfg = Release|Any CPU
		{899F2B4A-789A-47BE-8A71-3B759D3D208F}.Release|Any CPU.Build.0 = Release|Any CPU
		{93B4F8CC-9DDF-43D5-9F1B-A78E580A670E}.Debug|Any CPU.ActiveCfg = Debug|Any CPU
		{93B4F8CC-9DDF-43D5-9F1B-A78E580A670E}.Debug|Any CPU.Build.0 = Debug|Any CPU
		{93B4F8CC-9DDF-43D5-9F1B-A78E580A670E}.Release|Any CPU.ActiveCfg = Release|Any CPU
		{93B4F8CC-9DDF-43D5-9F1B-A78E580A670E}.Release|Any CPU.Build.0 = Release|Any CPU
		{A649F555-2522-4313-AE44-6D35FB73E070}.Debug|Any CPU.ActiveCfg = Debug|Any CPU
		{A649F555-2522-4313-AE44-6D35FB73E070}.Debug|Any CPU.Build.0 = Debug|Any CPU
		{A649F555-2522-4313-AE44-6D35FB73E070}.Release|Any CPU.ActiveCfg = Release|Any CPU
		{A649F555-2522-4313-AE44-6D35FB73E070}.Release|Any CPU.Build.0 = Release|Any CPU
	EndGlobalSection
	GlobalSection(SolutionProperties) = preSolution
		HideSolutionNode = FALSE
	EndGlobalSection
	GlobalSection(ExtensibilityGlobals) = postSolution
		SolutionGuid = {BF794361-E887-49C3-BDBB-E93E4CF6B907}
	EndGlobalSection
EndGlobal
